
Microsoft Visual Studio Solution File, Format Version 12.00
# Visual Studio 14
VisualStudioVersion = 14.0.24720.0
MinimumVisualStudioVersion = 10.0.40219.1
Project("{FAE04EC0-301F-11D3-BF4B-00C04F79EFBC}") = "LearnRoslyn", "LearnRoslyn\LearnRoslyn\LearnRoslyn.csproj", "{D46B07D4-42CA-4467-ACD3-D3DBECFC9C54}"
EndProject
Project("{FAE04EC0-301F-11D3-BF4B-00C04F79EFBC}") = "LearnRoslyn.Test", "LearnRoslyn\LearnRoslyn.Test\LearnRoslyn.Test.csproj", "{054DD14D-028C-44BD-AED0-9EC958C458AB}"
EndProject
Project("{FAE04EC0-301F-11D3-BF4B-00C04F79EFBC}") = "LearnRoslyn.Vsix", "LearnRoslyn\LearnRoslyn.Vsix\LearnRoslyn.Vsix.csproj", "{81376BDA-BA6B-43E2-8637-ECB152C71352}"
EndProject
Global
	GlobalSection(SolutionConfigurationPlatforms) = preSolution
		Debug|Any CPU = Debug|Any CPU
		Release|Any CPU = Release|Any CPU
	EndGlobalSection
	GlobalSection(ProjectConfigurationPlatforms) = postSolution
		{D46B07D4-42CA-4467-ACD3-D3DBECFC9C54}.Debug|Any CPU.ActiveCfg = Debug|Any CPU
		{D46B07D4-42CA-4467-ACD3-D3DBECFC9C54}.Debug|Any CPU.Build.0 = Debug|Any CPU
		{D46B07D4-42CA-4467-ACD3-D3DBECFC9C54}.Release|Any CPU.ActiveCfg = Release|Any CPU
		{D46B07D4-42CA-4467-ACD3-D3DBECFC9C54}.Release|Any CPU.Build.0 = Release|Any CPU
		{054DD14D-028C-44BD-AED0-9EC958C458AB}.Debug|Any CPU.ActiveCfg = Debug|Any CPU
		{054DD14D-028C-44BD-AED0-9EC958C458AB}.Debug|Any CPU.Build.0 = Debug|Any CPU
		{054DD14D-028C-44BD-AED0-9EC958C458AB}.Release|Any CPU.ActiveCfg = Release|Any CPU
		{054DD14D-028C-44BD-AED0-9EC958C458AB}.Release|Any CPU.Build.0 = Release|Any CPU
		{81376BDA-BA6B-43E2-8637-ECB152C71352}.Debug|Any CPU.ActiveCfg = Debug|Any CPU
		{81376BDA-BA6B-43E2-8637-ECB152C71352}.Debug|Any CPU.Build.0 = Debug|Any CPU
		{81376BDA-BA6B-43E2-8637-ECB152C71352}.Release|Any CPU.ActiveCfg = Release|Any CPU
		{81376BDA-BA6B-43E2-8637-ECB152C71352}.Release|Any CPU.Build.0 = Release|Any CPU
	EndGlobalSection
	GlobalSection(SolutionProperties) = preSolution
		HideSolutionNode = FALSE
	EndGlobalSection
EndGlobal
